// !$*UTF8*$!
{
	archiveVersion = 1;
	classes = {
	};
	objectVersion = 50;
	objects = {

/* Begin PBXBuildFile section */
		7CAE2A35ABDC17A8EDD30E15 /* Pods_WebAppMVVMTests.framework in Frameworks */ = {isa = PBXBuildFile; fileRef = 4670C6DBA8C6FBB4D5C0E60D /* Pods_WebAppMVVMTests.framework */; };
		B254EFBB2650E977002E0B9E /* AppDelegate.swift in Sources */ = {isa = PBXBuildFile; fileRef = B254EFBA2650E977002E0B9E /* AppDelegate.swift */; };
		B254EFBF2650E977002E0B9E /* WebViewController.swift in Sources */ = {isa = PBXBuildFile; fileRef = B254EFBE2650E977002E0B9E /* WebViewController.swift */; };
		B254EFC42650E97B002E0B9E /* Assets.xcassets in Resources */ = {isa = PBXBuildFile; fileRef = B254EFC32650E97B002E0B9E /* Assets.xcassets */; };
		B254EFC72650E97B002E0B9E /* LaunchScreen.storyboard in Resources */ = {isa = PBXBuildFile; fileRef = B254EFC52650E97B002E0B9E /* LaunchScreen.storyboard */; };
		B254EFD22650E97B002E0B9E /* WebAppMVVMTests.swift in Sources */ = {isa = PBXBuildFile; fileRef = B254EFD12650E97B002E0B9E /* WebAppMVVMTests.swift */; };
		B254EFDD2650E97C002E0B9E /* WebAppMVVMUITests.swift in Sources */ = {isa = PBXBuildFile; fileRef = B254EFDC2650E97C002E0B9E /* WebAppMVVMUITests.swift */; };
		B254EFF72650E9CB002E0B9E /* WebViewController.xib in Resources */ = {isa = PBXBuildFile; fileRef = B254EFF62650E9CB002E0B9E /* WebViewController.xib */; };
		CC4023886D43E58B36579B47 /* Pods_WebAppMVVM.framework in Frameworks */ = {isa = PBXBuildFile; fileRef = C38536111F693226D38CD564 /* Pods_WebAppMVVM.framework */; };
		FCA4DEFF48C9FC2B366A0FE1 /* Pods_WebAppMVVM_WebAppMVVMUITests.framework in Frameworks */ = {isa = PBXBuildFile; fileRef = F73D36663EB1E2D91BA1E48D /* Pods_WebAppMVVM_WebAppMVVMUITests.framework */; };
/* End PBXBuildFile section */

/* Begin PBXContainerItemProxy section */
		B254EFCE2650E97B002E0B9E /* PBXContainerItemProxy */ = {
			isa = PBXContainerItemProxy;
			containerPortal = B254EFAF2650E977002E0B9E /* Project object */;
			proxyType = 1;
			remoteGlobalIDString = B254EFB62650E977002E0B9E;
			remoteInfo = WebAppMVVM;
		};
		B254EFD92650E97C002E0B9E /* PBXContainerItemProxy */ = {
			isa = PBXContainerItemProxy;
			containerPortal = B254EFAF2650E977002E0B9E /* Project object */;
			proxyType = 1;
			remoteGlobalIDString = B254EFB62650E977002E0B9E;
			remoteInfo = WebAppMVVM;
		};
/* End PBXContainerItemProxy section */

/* Begin PBXFileReference section */
		27015ACA5042C9BCFA0F871D /* Pods-WebAppMVVM.release.xcconfig */ = {isa = PBXFileReference; includeInIndex = 1; lastKnownFileType = text.xcconfig; name = "Pods-WebAppMVVM.release.xcconfig"; path = "Target Support Files/Pods-WebAppMVVM/Pods-WebAppMVVM.release.xcconfig"; sourceTree = "<group>"; };
		4670C6DBA8C6FBB4D5C0E60D /* Pods_WebAppMVVMTests.framework */ = {isa = PBXFileReference; explicitFileType = wrapper.framework; includeInIndex = 0; path = Pods_WebAppMVVMTests.framework; sourceTree = BUILT_PRODUCTS_DIR; };
		AFBDC0ABDD69A6212FB8E346 /* Pods-WebAppMVVM.debug.xcconfig */ = {isa = PBXFileReference; includeInIndex = 1; lastKnownFileType = text.xcconfig; name = "Pods-WebAppMVVM.debug.xcconfig"; path = "Target Support Files/Pods-WebAppMVVM/Pods-WebAppMVVM.debug.xcconfig"; sourceTree = "<group>"; };
		B254EFB72650E977002E0B9E /* WebAppMVVM.app */ = {isa = PBXFileReference; explicitFileType = wrapper.application; includeInIndex = 0; path = WebAppMVVM.app; sourceTree = BUILT_PRODUCTS_DIR; };
		B254EFBA2650E977002E0B9E /* AppDelegate.swift */ = {isa = PBXFileReference; lastKnownFileType = sourcecode.swift; path = AppDelegate.swift; sourceTree = "<group>"; };
		B254EFBE2650E977002E0B9E /* WebViewController.swift */ = {isa = PBXFileReference; lastKnownFileType = sourcecode.swift; path = WebViewController.swift; sourceTree = "<group>"; };
		B254EFC32650E97B002E0B9E /* Assets.xcassets */ = {isa = PBXFileReference; lastKnownFileType = folder.assetcatalog; path = Assets.xcassets; sourceTree = "<group>"; };
		B254EFC62650E97B002E0B9E /* Base */ = {isa = PBXFileReference; lastKnownFileType = file.storyboard; name = Base; path = Base.lproj/LaunchScreen.storyboard; sourceTree = "<group>"; };
		B254EFC82650E97B002E0B9E /* Info.plist */ = {isa = PBXFileReference; lastKnownFileType = text.plist.xml; path = Info.plist; sourceTree = "<group>"; };
		B254EFCD2650E97B002E0B9E /* WebAppMVVMTests.xctest */ = {isa = PBXFileReference; explicitFileType = wrapper.cfbundle; includeInIndex = 0; path = WebAppMVVMTests.xctest; sourceTree = BUILT_PRODUCTS_DIR; };
		B254EFD12650E97B002E0B9E /* WebAppMVVMTests.swift */ = {isa = PBXFileReference; lastKnownFileType = sourcecode.swift; path = WebAppMVVMTests.swift; sourceTree = "<group>"; };
		B254EFD32650E97B002E0B9E /* Info.plist */ = {isa = PBXFileReference; lastKnownFileType = text.plist.xml; path = Info.plist; sourceTree = "<group>"; };
		B254EFD82650E97C002E0B9E /* WebAppMVVMUITests.xctest */ = {isa = PBXFileReference; explicitFileType = wrapper.cfbundle; includeInIndex = 0; path = WebAppMVVMUITests.xctest; sourceTree = BUILT_PRODUCTS_DIR; };
		B254EFDC2650E97C002E0B9E /* WebAppMVVMUITests.swift */ = {isa = PBXFileReference; lastKnownFileType = sourcecode.swift; path = WebAppMVVMUITests.swift; sourceTree = "<group>"; };
		B254EFDE2650E97C002E0B9E /* Info.plist */ = {isa = PBXFileReference; lastKnownFileType = text.plist.xml; path = Info.plist; sourceTree = "<group>"; };
		B254EFF62650E9CB002E0B9E /* WebViewController.xib */ = {isa = PBXFileReference; lastKnownFileType = file.xib; path = WebViewController.xib; sourceTree = "<group>"; };
		B26FBC4867B0130B213FD55C /* Pods-WebAppMVVMTests.release.xcconfig */ = {isa = PBXFileReference; includeInIndex = 1; lastKnownFileType = text.xcconfig; name = "Pods-WebAppMVVMTests.release.xcconfig"; path = "Target Support Files/Pods-WebAppMVVMTests/Pods-WebAppMVVMTests.release.xcconfig"; sourceTree = "<group>"; };
		C38536111F693226D38CD564 /* Pods_WebAppMVVM.framework */ = {isa = PBXFileReference; explicitFileType = wrapper.framework; includeInIndex = 0; path = Pods_WebAppMVVM.framework; sourceTree = BUILT_PRODUCTS_DIR; };
		D1AF90DB301B811DA420892E /* Pods-WebAppMVVM-WebAppMVVMUITests.debug.xcconfig */ = {isa = PBXFileReference; includeInIndex = 1; lastKnownFileType = text.xcconfig; name = "Pods-WebAppMVVM-WebAppMVVMUITests.debug.xcconfig"; path = "Target Support Files/Pods-WebAppMVVM-WebAppMVVMUITests/Pods-WebAppMVVM-WebAppMVVMUITests.debug.xcconfig"; sourceTree = "<group>"; };
		E3A2D30F26E775C4E067D17F /* Pods-WebAppMVVMTests.debug.xcconfig */ = {isa = PBXFileReference; includeInIndex = 1; lastKnownFileType = text.xcconfig; name = "Pods-WebAppMVVMTests.debug.xcconfig"; path = "Target Support Files/Pods-WebAppMVVMTests/Pods-WebAppMVVMTests.debug.xcconfig"; sourceTree = "<group>"; };
		EBD826CDB9743D7900443D21 /* Pods-WebAppMVVM-WebAppMVVMUITests.release.xcconfig */ = {isa = PBXFileReference; includeInIndex = 1; lastKnownFileType = text.xcconfig; name = "Pods-WebAppMVVM-WebAppMVVMUITests.release.xcconfig"; path = "Target Support Files/Pods-WebAppMVVM-WebAppMVVMUITests/Pods-WebAppMVVM-WebAppMVVMUITests.release.xcconfig"; sourceTree = "<group>"; };
		F73D36663EB1E2D91BA1E48D /* Pods_WebAppMVVM_WebAppMVVMUITests.framework */ = {isa = PBXFileReference; explicitFileType = wrapper.framework; includeInIndex = 0; path = Pods_WebAppMVVM_WebAppMVVMUITests.framework; sourceTree = BUILT_PRODUCTS_DIR; };
/* End PBXFileReference section */

/* Begin PBXFrameworksBuildPhase section */
		B254EFB42650E977002E0B9E /* Frameworks */ = {
			isa = PBXFrameworksBuildPhase;
			buildActionMask = 2147483647;
			files = (
				CC4023886D43E58B36579B47 /* Pods_WebAppMVVM.framework in Frameworks */,
			);
			runOnlyForDeploymentPostprocessing = 0;
		};
		B254EFCA2650E97B002E0B9E /* Frameworks */ = {
			isa = PBXFrameworksBuildPhase;
			buildActionMask = 2147483647;
			files = (
				7CAE2A35ABDC17A8EDD30E15 /* Pods_WebAppMVVMTests.framework in Frameworks */,
			);
			runOnlyForDeploymentPostprocessing = 0;
		};
		B254EFD52650E97C002E0B9E /* Frameworks */ = {
			isa = PBXFrameworksBuildPhase;
			buildActionMask = 2147483647;
			files = (
				FCA4DEFF48C9FC2B366A0FE1 /* Pods_WebAppMVVM_WebAppMVVMUITests.framework in Frameworks */,
			);
			runOnlyForDeploymentPostprocessing = 0;
		};
/* End PBXFrameworksBuildPhase section */

/* Begin PBXGroup section */
		06ACE12D99070C84B94CC492 /* Frameworks */ = {
			isa = PBXGroup;
			children = (
				C38536111F693226D38CD564 /* Pods_WebAppMVVM.framework */,
				F73D36663EB1E2D91BA1E48D /* Pods_WebAppMVVM_WebAppMVVMUITests.framework */,
				4670C6DBA8C6FBB4D5C0E60D /* Pods_WebAppMVVMTests.framework */,
			);
			name = Frameworks;
			sourceTree = "<group>";
		};
		8F890EA81368934803B5B6DD /* Pods */ = {
			isa = PBXGroup;
			children = (
				AFBDC0ABDD69A6212FB8E346 /* Pods-WebAppMVVM.debug.xcconfig */,
				27015ACA5042C9BCFA0F871D /* Pods-WebAppMVVM.release.xcconfig */,
				D1AF90DB301B811DA420892E /* Pods-WebAppMVVM-WebAppMVVMUITests.debug.xcconfig */,
				EBD826CDB9743D7900443D21 /* Pods-WebAppMVVM-WebAppMVVMUITests.release.xcconfig */,
				E3A2D30F26E775C4E067D17F /* Pods-WebAppMVVMTests.debug.xcconfig */,
				B26FBC4867B0130B213FD55C /* Pods-WebAppMVVMTests.release.xcconfig */,
			);
			name = Pods;
			path = Pods;
			sourceTree = "<group>";
		};
		B254EFAE2650E977002E0B9E = {
			isa = PBXGroup;
			children = (
				B254EFB92650E977002E0B9E /* WebAppMVVM */,
				B254EFD02650E97B002E0B9E /* WebAppMVVMTests */,
				B254EFDB2650E97C002E0B9E /* WebAppMVVMUITests */,
				B254EFB82650E977002E0B9E /* Products */,
				8F890EA81368934803B5B6DD /* Pods */,
				06ACE12D99070C84B94CC492 /* Frameworks */,
			);
			sourceTree = "<group>";
		};
		B254EFB82650E977002E0B9E /* Products */ = {
			isa = PBXGroup;
			children = (
				B254EFB72650E977002E0B9E /* WebAppMVVM.app */,
				B254EFCD2650E97B002E0B9E /* WebAppMVVMTests.xctest */,
				B254EFD82650E97C002E0B9E /* WebAppMVVMUITests.xctest */,
			);
			name = Products;
			sourceTree = "<group>";
		};
		B254EFB92650E977002E0B9E /* WebAppMVVM */ = {
			isa = PBXGroup;
			children = (
				B254EFBA2650E977002E0B9E /* AppDelegate.swift */,
				B254EFBE2650E977002E0B9E /* WebViewController.swift */,
				B254EFF62650E9CB002E0B9E /* WebViewController.xib */,
				B254EFC32650E97B002E0B9E /* Assets.xcassets */,
				B254EFC52650E97B002E0B9E /* LaunchScreen.storyboard */,
				B254EFC82650E97B002E0B9E /* Info.plist */,
			);
			path = WebAppMVVM;
			sourceTree = "<group>";
		};
		B254EFD02650E97B002E0B9E /* WebAppMVVMTests */ = {
			isa = PBXGroup;
			children = (
				B254EFD12650E97B002E0B9E /* WebAppMVVMTests.swift */,
				B254EFD32650E97B002E0B9E /* Info.plist */,
			);
			path = WebAppMVVMTests;
			sourceTree = "<group>";
		};
		B254EFDB2650E97C002E0B9E /* WebAppMVVMUITests */ = {
			isa = PBXGroup;
			children = (
				B254EFDC2650E97C002E0B9E /* WebAppMVVMUITests.swift */,
				B254EFDE2650E97C002E0B9E /* Info.plist */,
			);
			path = WebAppMVVMUITests;
			sourceTree = "<group>";
		};
/* End PBXGroup section */

/* Begin PBXNativeTarget section */
		B254EFB62650E977002E0B9E /* WebAppMVVM */ = {
			isa = PBXNativeTarget;
			buildConfigurationList = B254EFE12650E97C002E0B9E /* Build configuration list for PBXNativeTarget "WebAppMVVM" */;
			buildPhases = (
				CDF8EA5405DC66991C32FC0E /* [CP] Check Pods Manifest.lock */,
				B254EFB32650E977002E0B9E /* Sources */,
				B254EFB42650E977002E0B9E /* Frameworks */,
				B254EFB52650E977002E0B9E /* Resources */,
				463ECC81CBEBD51FBEC0521C /* [CP] Embed Pods Frameworks */,
			);
			buildRules = (
			);
			dependencies = (
			);
			name = WebAppMVVM;
			productName = WebAppMVVM;
			productReference = B254EFB72650E977002E0B9E /* WebAppMVVM.app */;
			productType = "com.apple.product-type.application";
		};
		B254EFCC2650E97B002E0B9E /* WebAppMVVMTests */ = {
			isa = PBXNativeTarget;
			buildConfigurationList = B254EFE42650E97C002E0B9E /* Build configuration list for PBXNativeTarget "WebAppMVVMTests" */;
			buildPhases = (
				D415F203D0F7088975B3C344 /* [CP] Check Pods Manifest.lock */,
				B254EFC92650E97B002E0B9E /* Sources */,
				B254EFCA2650E97B002E0B9E /* Frameworks */,
				B254EFCB2650E97B002E0B9E /* Resources */,
			);
			buildRules = (
			);
			dependencies = (
				B254EFCF2650E97B002E0B9E /* PBXTargetDependency */,
			);
			name = WebAppMVVMTests;
			productName = WebAppMVVMTests;
			productReference = B254EFCD2650E97B002E0B9E /* WebAppMVVMTests.xctest */;
			productType = "com.apple.product-type.bundle.unit-test";
		};
		B254EFD72650E97C002E0B9E /* WebAppMVVMUITests */ = {
			isa = PBXNativeTarget;
			buildConfigurationList = B254EFE72650E97C002E0B9E /* Build configuration list for PBXNativeTarget "WebAppMVVMUITests" */;
			buildPhases = (
				281071A552FA14F95B6F3333 /* [CP] Check Pods Manifest.lock */,
				B254EFD42650E97C002E0B9E /* Sources */,
				B254EFD52650E97C002E0B9E /* Frameworks */,
				B254EFD62650E97C002E0B9E /* Resources */,
				A39E559E4C85C426B3755303 /* [CP] Embed Pods Frameworks */,
			);
			buildRules = (
			);
			dependencies = (
				B254EFDA2650E97C002E0B9E /* PBXTargetDependency */,
			);
			name = WebAppMVVMUITests;
			productName = WebAppMVVMUITests;
			productReference = B254EFD82650E97C002E0B9E /* WebAppMVVMUITests.xctest */;
			productType = "com.apple.product-type.bundle.ui-testing";
		};
/* End PBXNativeTarget section */

/* Begin PBXProject section */
		B254EFAF2650E977002E0B9E /* Project object */ = {
			isa = PBXProject;
			attributes = {
				LastSwiftUpdateCheck = 1220;
				LastUpgradeCheck = 1220;
				TargetAttributes = {
					B254EFB62650E977002E0B9E = {
						CreatedOnToolsVersion = 12.2;
					};
					B254EFCC2650E97B002E0B9E = {
						CreatedOnToolsVersion = 12.2;
						TestTargetID = B254EFB62650E977002E0B9E;
					};
					B254EFD72650E97C002E0B9E = {
						CreatedOnToolsVersion = 12.2;
						TestTargetID = B254EFB62650E977002E0B9E;
					};
				};
			};
			buildConfigurationList = B254EFB22650E977002E0B9E /* Build configuration list for PBXProject "WebAppMVVM" */;
			compatibilityVersion = "Xcode 9.3";
			developmentRegion = en;
			hasScannedForEncodings = 0;
			knownRegions = (
				en,
				Base,
			);
			mainGroup = B254EFAE2650E977002E0B9E;
			productRefGroup = B254EFB82650E977002E0B9E /* Products */;
			projectDirPath = "";
			projectRoot = "";
			targets = (
				B254EFB62650E977002E0B9E /* WebAppMVVM */,
				B254EFCC2650E97B002E0B9E /* WebAppMVVMTests */,
				B254EFD72650E97C002E0B9E /* WebAppMVVMUITests */,
			);
		};
/* End PBXProject section */

/* Begin PBXResourcesBuildPhase section */
		B254EFB52650E977002E0B9E /* Resources */ = {
			isa = PBXResourcesBuildPhase;
			buildActionMask = 2147483647;
			files = (
				B254EFF72650E9CB002E0B9E /* WebViewController.xib in Resources */,
				B254EFC72650E97B002E0B9E /* LaunchScreen.storyboard in Resources */,
				B254EFC42650E97B002E0B9E /* Assets.xcassets in Resources */,
			);
			runOnlyForDeploymentPostprocessing = 0;
		};
		B254EFCB2650E97B002E0B9E /* Resources */ = {
			isa = PBXResourcesBuildPhase;
			buildActionMask = 2147483647;
			files = (
			);
			runOnlyForDeploymentPostprocessing = 0;
		};
		B254EFD62650E97C002E0B9E /* Resources */ = {
			isa = PBXResourcesBuildPhase;
			buildActionMask = 2147483647;
			files = (
			);
			runOnlyForDeploymentPostprocessing = 0;
		};
/* End PBXResourcesBuildPhase section */

/* Begin PBXShellScriptBuildPhase section */
		281071A552FA14F95B6F3333 /* [CP] Check Pods Manifest.lock */ = {
			isa = PBXShellScriptBuildPhase;
			buildActionMask = 2147483647;
			files = (
			);
			inputFileListPaths = (
			);
			inputPaths = (
				"${PODS_PODFILE_DIR_PATH}/Podfile.lock",
				"${PODS_ROOT}/Manifest.lock",
			);
			name = "[CP] Check Pods Manifest.lock";
			outputFileListPaths = (
			);
			outputPaths = (
				"$(DERIVED_FILE_DIR)/Pods-WebAppMVVM-WebAppMVVMUITests-checkManifestLockResult.txt",
			);
			runOnlyForDeploymentPostprocessing = 0;
			shellPath = /bin/sh;
			shellScript = "diff \"${PODS_PODFILE_DIR_PATH}/Podfile.lock\" \"${PODS_ROOT}/Manifest.lock\" > /dev/null\nif [ $? != 0 ] ; then\n    # print error to STDERR\n    echo \"error: The sandbox is not in sync with the Podfile.lock. Run 'pod install' or update your CocoaPods installation.\" >&2\n    exit 1\nfi\n# This output is used by Xcode 'outputs' to avoid re-running this script phase.\necho \"SUCCESS\" > \"${SCRIPT_OUTPUT_FILE_0}\"\n";
			showEnvVarsInLog = 0;
		};
		463ECC81CBEBD51FBEC0521C /* [CP] Embed Pods Frameworks */ = {
			isa = PBXShellScriptBuildPhase;
			buildActionMask = 2147483647;
			files = (
			);
			inputFileListPaths = (
				"${PODS_ROOT}/Target Support Files/Pods-WebAppMVVM/Pods-WebAppMVVM-frameworks-${CONFIGURATION}-input-files.xcfilelist",
			);
			name = "[CP] Embed Pods Frameworks";
			outputFileListPaths = (
				"${PODS_ROOT}/Target Support Files/Pods-WebAppMVVM/Pods-WebAppMVVM-frameworks-${CONFIGURATION}-output-files.xcfilelist",
			);
			runOnlyForDeploymentPostprocessing = 0;
			shellPath = /bin/sh;
			shellScript = "\"${PODS_ROOT}/Target Support Files/Pods-WebAppMVVM/Pods-WebAppMVVM-frameworks.sh\"\n";
			showEnvVarsInLog = 0;
		};
		A39E559E4C85C426B3755303 /* [CP] Embed Pods Frameworks */ = {
			isa = PBXShellScriptBuildPhase;
			buildActionMask = 2147483647;
			files = (
			);
			inputFileListPaths = (
				"${PODS_ROOT}/Target Support Files/Pods-WebAppMVVM-WebAppMVVMUITests/Pods-WebAppMVVM-WebAppMVVMUITests-frameworks-${CONFIGURATION}-input-files.xcfilelist",
			);
			name = "[CP] Embed Pods Frameworks";
			outputFileListPaths = (
				"${PODS_ROOT}/Target Support Files/Pods-WebAppMVVM-WebAppMVVMUITests/Pods-WebAppMVVM-WebAppMVVMUITests-frameworks-${CONFIGURATION}-output-files.xcfilelist",
			);
			runOnlyForDeploymentPostprocessing = 0;
			shellPath = /bin/sh;
			shellScript = "\"${PODS_ROOT}/Target Support Files/Pods-WebAppMVVM-WebAppMVVMUITests/Pods-WebAppMVVM-WebAppMVVMUITests-frameworks.sh\"\n";
			showEnvVarsInLog = 0;
		};
		CDF8EA5405DC66991C32FC0E /* [CP] Check Pods Manifest.lock */ = {
			isa = PBXShellScriptBuildPhase;
			buildActionMask = 2147483647;
			files = (
			);
			inputFileListPaths = (
			);
			inputPaths = (
				"${PODS_PODFILE_DIR_PATH}/Podfile.lock",
				"${PODS_ROOT}/Manifest.lock",
			);
			name = "[CP] Check Pods Manifest.lock";
			outputFileListPaths = (
			);
			outputPaths = (
				"$(DERIVED_FILE_DIR)/Pods-WebAppMVVM-checkManifestLockResult.txt",
			);
			runOnlyForDeploymentPostprocessing = 0;
			shellPath = /bin/sh;
			shellScript = "diff \"${PODS_PODFILE_DIR_PATH}/Podfile.lock\" \"${PODS_ROOT}/Manifest.lock\" > /dev/null\nif [ $? != 0 ] ; then\n    # print error to STDERR\n    echo \"error: The sandbox is not in sync with the Podfile.lock. Run 'pod install' or update your CocoaPods installation.\" >&2\n    exit 1\nfi\n# This output is used by Xcode 'outputs' to avoid re-running this script phase.\necho \"SUCCESS\" > \"${SCRIPT_OUTPUT_FILE_0}\"\n";
			showEnvVarsInLog = 0;
		};
		D415F203D0F7088975B3C344 /* [CP] Check Pods Manifest.lock */ = {
			isa = PBXShellScriptBuildPhase;
			buildActionMask = 2147483647;
			files = (
			);
			inputFileListPaths = (
			);
			inputPaths = (
				"${PODS_PODFILE_DIR_PATH}/Podfile.lock",
				"${PODS_ROOT}/Manifest.lock",
			);
			name = "[CP] Check Pods Manifest.lock";
			outputFileListPaths = (
			);
			outputPaths = (
				"$(DERIVED_FILE_DIR)/Pods-WebAppMVVMTests-checkManifestLockResult.txt",
			);
			runOnlyForDeploymentPostprocessing = 0;
			shellPath = /bin/sh;
			shellScript = "diff \"${PODS_PODFILE_DIR_PATH}/Podfile.lock\" \"${PODS_ROOT}/Manifest.lock\" > /dev/null\nif [ $? != 0 ] ; then\n    # print error to STDERR\n    echo \"error: The sandbox is not in sync with the Podfile.lock. Run 'pod install' or update your CocoaPods installation.\" >&2\n    exit 1\nfi\n# This output is used by Xcode 'outputs' to avoid re-running this script phase.\necho \"SUCCESS\" > \"${SCRIPT_OUTPUT_FILE_0}\"\n";
			showEnvVarsInLog = 0;
		};
/* End PBXShellScriptBuildPhase section */

/* Begin PBXSourcesBuildPhase section */
		B254EFB32650E977002E0B9E /* Sources */ = {
			isa = PBXSourcesBuildPhase;
			buildActionMask = 2147483647;
			files = (
				B254EFBF2650E977002E0B9E /* WebViewController.swift in Sources */,
				B254EFBB2650E977002E0B9E /* AppDelegate.swift in Sources */,
			);
			runOnlyForDeploymentPostprocessing = 0;
		};
		B254EFC92650E97B002E0B9E /* Sources */ = {
			isa = PBXSourcesBuildPhase;
			buildActionMask = 2147483647;
			files = (
				B254EFD22650E97B002E0B9E /* WebAppMVVMTests.swift in Sources */,
			);
			runOnlyForDeploymentPostprocessing = 0;
		};
		B254EFD42650E97C002E0B9E /* Sources */ = {
			isa = PBXSourcesBuildPhase;
			buildActionMask = 2147483647;
			files = (
				B254EFDD2650E97C002E0B9E /* WebAppMVVMUITests.swift in Sources */,
			);
			runOnlyForDeploymentPostprocessing = 0;
		};
/* End PBXSourcesBuildPhase section */

/* Begin PBXTargetDependency section */
		B254EFCF2650E97B002E0B9E /* PBXTargetDependency */ = {
			isa = PBXTargetDependency;
			target = B254EFB62650E977002E0B9E /* WebAppMVVM */;
			targetProxy = B254EFCE2650E97B002E0B9E /* PBXContainerItemProxy */;
		};
		B254EFDA2650E97C002E0B9E /* PBXTargetDependency */ = {
			isa = PBXTargetDependency;
			target = B254EFB62650E977002E0B9E /* WebAppMVVM */;
			targetProxy = B254EFD92650E97C002E0B9E /* PBXContainerItemProxy */;
		};
/* End PBXTargetDependency section */

/* Begin PBXVariantGroup section */
		B254EFC52650E97B002E0B9E /* LaunchScreen.storyboard */ = {
			isa = PBXVariantGroup;
			children = (
				B254EFC62650E97B002E0B9E /* Base */,
			);
			name = LaunchScreen.storyboard;
			sourceTree = "<group>";
		};
/* End PBXVariantGroup section */

/* Begin XCBuildConfiguration section */
		B254EFDF2650E97C002E0B9E /* Debug */ = {
			isa = XCBuildConfiguration;
			buildSettings = {
				ALWAYS_SEARCH_USER_PATHS = NO;
				CLANG_ANALYZER_NONNULL = YES;
				CLANG_ANALYZER_NUMBER_OBJECT_CONVERSION = YES_AGGRESSIVE;
				CLANG_CXX_LANGUAGE_STANDARD = "gnu++14";
				CLANG_CXX_LIBRARY = "libc++";
				CLANG_ENABLE_MODULES = YES;
				CLANG_ENABLE_OBJC_ARC = YES;
				CLANG_ENABLE_OBJC_WEAK = YES;
				CLANG_WARN_BLOCK_CAPTURE_AUTORELEASING = YES;
				CLANG_WARN_BOOL_CONVERSION = YES;
				CLANG_WARN_COMMA = YES;
				CLANG_WARN_CONSTANT_CONVERSION = YES;
				CLANG_WARN_DEPRECATED_OBJC_IMPLEMENTATIONS = YES;
				CLANG_WARN_DIRECT_OBJC_ISA_USAGE = YES_ERROR;
				CLANG_WARN_DOCUMENTATION_COMMENTS = YES;
				CLANG_WARN_EMPTY_BODY = YES;
				CLANG_WARN_ENUM_CONVERSION = YES;
				CLANG_WARN_INFINITE_RECURSION = YES;
				CLANG_WARN_INT_CONVERSION = YES;
				CLANG_WARN_NON_LITERAL_NULL_CONVERSION = YES;
				CLANG_WARN_OBJC_IMPLICIT_RETAIN_SELF = YES;
				CLANG_WARN_OBJC_LITERAL_CONVERSION = YES;
				CLANG_WARN_OBJC_ROOT_CLASS = YES_ERROR;
				CLANG_WARN_QUOTED_INCLUDE_IN_FRAMEWORK_HEADER = YES;
				CLANG_WARN_RANGE_LOOP_ANALYSIS = YES;
				CLANG_WARN_STRICT_PROTOTYPES = YES;
				CLANG_WARN_SUSPICIOUS_MOVE = YES;
				CLANG_WARN_UNGUARDED_AVAILABILITY = YES_AGGRESSIVE;
				CLANG_WARN_UNREACHABLE_CODE = YES;
				CLANG_WARN__DUPLICATE_METHOD_MATCH = YES;
				COPY_PHASE_STRIP = NO;
				DEBUG_INFORMATION_FORMAT = dwarf;
				ENABLE_STRICT_OBJC_MSGSEND = YES;
				ENABLE_TESTABILITY = YES;
				GCC_C_LANGUAGE_STANDARD = gnu11;
				GCC_DYNAMIC_NO_PIC = NO;
				GCC_NO_COMMON_BLOCKS = YES;
				GCC_OPTIMIZATION_LEVEL = 0;
				GCC_PREPROCESSOR_DEFINITIONS = (
					"DEBUG=1",
					"$(inherited)",
				);
				GCC_WARN_64_TO_32_BIT_CONVERSION = YES;
				GCC_WARN_ABOUT_RETURN_TYPE = YES_ERROR;
				GCC_WARN_UNDECLARED_SELECTOR = YES;
				GCC_WARN_UNINITIALIZED_AUTOS = YES_AGGRESSIVE;
				GCC_WARN_UNUSED_FUNCTION = YES;
				GCC_WARN_UNUSED_VARIABLE = YES;
				IPHONEOS_DEPLOYMENT_TARGET = 14.2;
				MTL_ENABLE_DEBUG_INFO = INCLUDE_SOURCE;
				MTL_FAST_MATH = YES;
				ONLY_ACTIVE_ARCH = YES;
				SDKROOT = iphoneos;
				SWIFT_ACTIVE_COMPILATION_CONDITIONS = DEBUG;
				SWIFT_OPTIMIZATION_LEVEL = "-Onone";
			};
			name = Debug;
		};
		B254EFE02650E97C002E0B9E /* Release */ = {
			isa = XCBuildConfiguration;
			buildSettings = {
				ALWAYS_SEARCH_USER_PATHS = NO;
				CLANG_ANALYZER_NONNULL = YES;
				CLANG_ANALYZER_NUMBER_OBJECT_CONVERSION = YES_AGGRESSIVE;
				CLANG_CXX_LANGUAGE_STANDARD = "gnu++14";
				CLANG_CXX_LIBRARY = "libc++";
				CLANG_ENABLE_MODULES = YES;
				CLANG_ENABLE_OBJC_ARC = YES;
				CLANG_ENABLE_OBJC_WEAK = YES;
				CLANG_WARN_BLOCK_CAPTURE_AUTORELEASING = YES;
				CLANG_WARN_BOOL_CONVERSION = YES;
				CLANG_WARN_COMMA = YES;
				CLANG_WARN_CONSTANT_CONVERSION = YES;
				CLANG_WARN_DEPRECATED_OBJC_IMPLEMENTATIONS = YES;
				CLANG_WARN_DIRECT_OBJC_ISA_USAGE = YES_ERROR;
				CLANG_WARN_DOCUMENTATION_COMMENTS = YES;
				CLANG_WARN_EMPTY_BODY = YES;
				CLANG_WARN_ENUM_CONVERSION = YES;
				CLANG_WARN_INFINITE_RECURSION = YES;
				CLANG_WARN_INT_CONVERSION = YES;
				CLANG_WARN_NON_LITERAL_NULL_CONVERSION = YES;
				CLANG_WARN_OBJC_IMPLICIT_RETAIN_SELF = YES;
				CLANG_WARN_OBJC_LITERAL_CONVERSION = YES;
				CLANG_WARN_OBJC_ROOT_CLASS = YES_ERROR;
				CLANG_WARN_QUOTED_INCLUDE_IN_FRAMEWORK_HEADER = YES;
				CLANG_WARN_RANGE_LOOP_ANALYSIS = YES;
				CLANG_WARN_STRICT_PROTOTYPES = YES;
				CLANG_WARN_SUSPICIOUS_MOVE = YES;
				CLANG_WARN_UNGUARDED_AVAILABILITY = YES_AGGRESSIVE;
				CLANG_WARN_UNREACHABLE_CODE = YES;
				CLANG_WARN__DUPLICATE_METHOD_MATCH = YES;
				COPY_PHASE_STRIP = NO;
				DEBUG_INFORMATION_FORMAT = "dwarf-with-dsym";
				ENABLE_NS_ASSERTIONS = NO;
				ENABLE_STRICT_OBJC_MSGSEND = YES;
				GCC_C_LANGUAGE_STANDARD = gnu11;
				GCC_NO_COMMON_BLOCKS = YES;
				GCC_WARN_64_TO_32_BIT_CONVERSION = YES;
				GCC_WARN_ABOUT_RETURN_TYPE = YES_ERROR;
				GCC_WARN_UNDECLARED_SELECTOR = YES;
				GCC_WARN_UNINITIALIZED_AUTOS = YES_AGGRESSIVE;
				GCC_WARN_UNUSED_FUNCTION = YES;
				GCC_WARN_UNUSED_VARIABLE = YES;
				IPHONEOS_DEPLOYMENT_TARGET = 14.2;
				MTL_ENABLE_DEBUG_INFO = NO;
				MTL_FAST_MATH = YES;
				SDKROOT = iphoneos;
				SWIFT_COMPILATION_MODE = wholemodule;
				SWIFT_OPTIMIZATION_LEVEL = "-O";
				VALIDATE_PRODUCT = YES;
			};
			name = Release;
		};
		B254EFE22650E97C002E0B9E /* Debug */ = {
			isa = XCBuildConfiguration;
			baseConfigurationReference = AFBDC0ABDD69A6212FB8E346 /* Pods-WebAppMVVM.debug.xcconfig */;
			buildSettings = {
				ASSETCATALOG_COMPILER_APPICON_NAME = AppIcon;
				ASSETCATALOG_COMPILER_GLOBAL_ACCENT_COLOR_NAME = AccentColor;
				CODE_SIGN_STYLE = Automatic;
				DEVELOPMENT_TEAM = JBN38UMB62;
				INFOPLIST_FILE = WebAppMVVM/Info.plist;
				IPHONEOS_DEPLOYMENT_TARGET = 12.0;
				LD_RUNPATH_SEARCH_PATHS = (
					"$(inherited)",
					"@executable_path/Frameworks",
				);
				PRODUCT_BUNDLE_IDENTIFIER = jp.techacademy.toya.miura.WebAppMVVM;
				PRODUCT_NAME = "$(TARGET_NAME)";
				SWIFT_VERSION = 5.0;
				TARGETED_DEVICE_FAMILY = "1,2";
			};
			name = Debug;
		};
		B254EFE32650E97C002E0B9E /* Release */ = {
			isa = XCBuildConfiguration;
			baseConfigurationReference = 27015ACA5042C9BCFA0F871D /* Pods-WebAppMVVM.release.xcconfig */;
			buildSettings = {
				ASSETCATALOG_COMPILER_APPICON_NAME = AppIcon;
				ASSETCATALOG_COMPILER_GLOBAL_ACCENT_COLOR_NAME = AccentColor;
				CODE_SIGN_STYLE = Automatic;
				DEVELOPMENT_TEAM = JBN38UMB62;
				INFOPLIST_FILE = WebAppMVVM/Info.plist;
				IPHONEOS_DEPLOYMENT_TARGET = 12.0;
				LD_RUNPATH_SEARCH_PATHS = (
					"$(inherited)",
					"@executable_path/Frameworks",
				);
				PRODUCT_BUNDLE_IDENTIFIER = jp.techacademy.toya.miura.WebAppMVVM;
				PRODUCT_NAME = "$(TARGET_NAME)";
				SWIFT_VERSION = 5.0;
				TARGETED_DEVICE_FAMILY = "1,2";
			};
			name = Release;
		};
		B254EFE52650E97C002E0B9E /* Debug */ = {
			isa = XCBuildConfiguration;
			baseConfigurationReference = E3A2D30F26E775C4E067D17F /* Pods-WebAppMVVMTests.debug.xcconfig */;
			buildSettings = {
				ALWAYS_EMBED_SWIFT_STANDARD_LIBRARIES = YES;
				BUNDLE_LOADER = "$(TEST_HOST)";
				CODE_SIGN_STYLE = Automatic;
				DEVELOPMENT_TEAM = JBN38UMB62;
				INFOPLIST_FILE = WebAppMVVMTests/Info.plist;
				IPHONEOS_DEPLOYMENT_TARGET = 14.2;
				LD_RUNPATH_SEARCH_PATHS = (
					"$(inherited)",
					"@executable_path/Frameworks",
					"@loader_path/Frameworks",
				);
				PRODUCT_BUNDLE_IDENTIFIER = jp.techacademy.toya.miura.WebAppMVVMTests;
				PRODUCT_NAME = "$(TARGET_NAME)";
				SWIFT_VERSION = 5.0;
				TARGETED_DEVICE_FAMILY = "1,2";
				TEST_HOST = "$(BUILT_PRODUCTS_DIR)/WebAppMVVM.app/WebAppMVVM";
			};
			name = Debug;
		};
		B254EFE62650E97C002E0B9E /* Release */ = {
			isa = XCBuildConfiguration;
			baseConfigurationReference = B26FBC4867B0130B213FD55C /* Pods-WebAppMVVMTests.release.xcconfig */;
			buildSettings = {
				ALWAYS_EMBED_SWIFT_STANDARD_LIBRARIES = YES;
				BUNDLE_LOADER = "$(TEST_HOST)";
				CODE_SIGN_STYLE = Automatic;
				DEVELOPMENT_TEAM = JBN38UMB62;
				INFOPLIST_FILE = WebAppMVVMTests/Info.plist;
				IPHONEOS_DEPLOYMENT_TARGET = 14.2;
				LD_RUNPATH_SEARCH_PATHS = (
					"$(inherited)",
					"@executable_path/Frameworks",
					"@loader_path/Frameworks",
				);
				PRODUCT_BUNDLE_IDENTIFIER = jp.techacademy.toya.miura.WebAppMVVMTests;
				PRODUCT_NAME = "$(TARGET_NAME)";
				SWIFT_VERSION = 5.0;
				TARGETED_DEVICE_FAMILY = "1,2";
				TEST_HOST = "$(BUILT_PRODUCTS_DIR)/WebAppMVVM.app/WebAppMVVM";
			};
			name = Release;
		};
		B254EFE82650E97C002E0B9E /* Debug */ = {
			isa = XCBuildConfiguration;
			baseConfigurationReference = D1AF90DB301B811DA420892E /* Pods-WebAppMVVM-WebAppMVVMUITests.debug.xcconfig */;
			buildSettings = {
				ALWAYS_EMBED_SWIFT_STANDARD_LIBRARIES = YES;
				CODE_SIGN_STYLE = Automatic;
				DEVELOPMENT_TEAM = JBN38UMB62;
				INFOPLIST_FILE = WebAppMVVMUITests/Info.plist;
				LD_RUNPATH_SEARCH_PATHS = (
					"$(inherited)",
					"@executable_path/Frameworks",
					"@loader_path/Frameworks",
				);
				PRODUCT_BUNDLE_IDENTIFIER = jp.techacademy.toya.miura.WebAppMVVMUITests;
				PRODUCT_NAME = "$(TARGET_NAME)";
				SWIFT_VERSION = 5.0;
				TARGETED_DEVICE_FAMILY = "1,2";
				TEST_TARGET_NAME = WebAppMVVM;
			};
			name = Debug;
		};
		B254EFE92650E97C002E0B9E /* Release */ = {
			isa = XCBuildConfiguration;
			baseConfigurationReference = EBD826CDB9743D7900443D21 /* Pods-WebAppMVVM-WebAppMVVMUITests.release.xcconfig */;
			buildSettings = {
				ALWAYS_EMBED_SWIFT_STANDARD_LIBRARIES = YES;
				CODE_SIGN_STYLE = Automatic;
				DEVELOPMENT_TEAM = JBN38UMB62;
				INFOPLIST_FILE = WebAppMVVMUITests/Info.plist;
				LD_RUNPATH_SEARCH_PATHS = (
					"$(inherited)",
					"@executable_path/Frameworks",
					"@loader_path/Frameworks",
				);
				PRODUCT_BUNDLE_IDENTIFIER = jp.techacademy.toya.miura.WebAppMVVMUITests;
				PRODUCT_NAME = "$(TARGET_NAME)";
				SWIFT_VERSION = 5.0;
				TARGETED_DEVICE_FAMILY = "1,2";
				TEST_TARGET_NAME = WebAppMVVM;
			};
			name = Release;
		};
/* End XCBuildConfiguration section */

/* Begin XCConfigurationList section */
		B254EFB22650E977002E0B9E /* Build configuration list for PBXProject "WebAppMVVM" */ = {
			isa = XCConfigurationList;
			buildConfigurations = (
				B254EFDF2650E97C002E0B9E /* Debug */,
				B254EFE02650E97C002E0B9E /* Release */,
			);
			defaultConfigurationIsVisible = 0;
			defaultConfigurationName = Release;
		};
		B254EFE12650E97C002E0B9E /* Build configuration list for PBXNativeTarget "WebAppMVVM" */ = {
			isa = XCConfigurationList;
			buildConfigurations = (
				B254EFE22650E97C002E0B9E /* Debug */,
				B254EFE32650E97C002E0B9E /* Release */,
			);
			defaultConfigurationIsVisible = 0;
			defaultConfigurationName = Release;
		};
		B254EFE42650E97C002E0B9E /* Build configuration list for PBXNativeTarget "WebAppMVVMTests" */ = {
			isa = XCConfigurationList;
			buildConfigurations = (
				B254EFE52650E97C002E0B9E /* Debug */,
				B254EFE62650E97C002E0B9E /* Release */,
			);
			defaultConfigurationIsVisible = 0;
			defaultConfigurationName = Release;
		};
		B254EFE72650E97C002E0B9E /* Build configuration list for PBXNativeTarget "WebAppMVVMUITests" */ = {
			isa = XCConfigurationList;
			buildConfigurations = (
				B254EFE82650E97C002E0B9E /* Debug */,
				B254EFE92650E97C002E0B9E /* Release */,
			);
			defaultConfigurationIsVisible = 0;
			defaultConfigurationName = Release;
		};
/* End XCConfigurationList section */
	};
	rootObject = B254EFAF2650E977002E0B9E /* Project object */;
}
